
Microsoft Visual Studio Solution File, Format Version 12.00
# Visual Studio 15
VisualStudioVersion = 15.0.27130.2010
MinimumVisualStudioVersion = 10.0.40219.1
Project("{9A19103F-16F7-4668-BE54-9A1E7A4F7556}") = "RestApiClient", "RestApiClient\RestApiClient.csproj", "{5480771D-2461-443E-AF88-B81C9EDA5C2E}"
EndProject
Project("{9A19103F-16F7-4668-BE54-9A1E7A4F7556}") = "WebShop", "WebShop\WebShop.csproj", "{D404A3C8-D69F-47D1-9A8A-91327B462F7D}"
EndProject
Project("{FAE04EC0-301F-11D3-BF4B-00C04F79EFBC}") = "ClassLibrary", "ClassLibrary\ClassLibrary.csproj", "{580ADD8B-6242-406C-9902-6C67B4DA93DA}"
EndProject
Global
	GlobalSection(SolutionConfigurationPlatforms) = preSolution
		Debug|Any CPU = Debug|Any CPU
		Release|Any CPU = Release|Any CPU
	EndGlobalSection
	GlobalSection(ProjectConfigurationPlatforms) = postSolution
		{5480771D-2461-443E-AF88-B81C9EDA5C2E}.Debug|Any CPU.ActiveCfg = Debug|Any CPU
		{5480771D-2461-443E-AF88-B81C9EDA5C2E}.Debug|Any CPU.Build.0 = Debug|Any CPU
		{5480771D-2461-443E-AF88-B81C9EDA5C2E}.Release|Any CPU.ActiveCfg = Release|Any CPU
		{5480771D-2461-443E-AF88-B81C9EDA5C2E}.Release|Any CPU.Build.0 = Release|Any CPU
		{D404A3C8-D69F-47D1-9A8A-91327B462F7D}.Debug|Any CPU.ActiveCfg = Debug|Any CPU
		{D404A3C8-D69F-47D1-9A8A-91327B462F7D}.Debug|Any CPU.Build.0 = Debug|Any CPU
		{D404A3C8-D69F-47D1-9A8A-91327B462F7D}.Release|Any CPU.ActiveCfg = Release|Any CPU
		{D404A3C8-D69F-47D1-9A8A-91327B462F7D}.Release|Any CPU.Build.0 = Release|Any CPU
		{580ADD8B-6242-406C-9902-6C67B4DA93DA}.Debug|Any CPU.ActiveCfg = Debug|Any CPU
		{580ADD8B-6242-406C-9902-6C67B4DA93DA}.Debug|Any CPU.Build.0 = Debug|Any CPU
		{580ADD8B-6242-406C-9902-6C67B4DA93DA}.Release|Any CPU.ActiveCfg = Release|Any CPU
		{580ADD8B-6242-406C-9902-6C67B4DA93DA}.Release|Any CPU.Build.0 = Release|Any CPU
	EndGlobalSection
	GlobalSection(SolutionProperties) = preSolution
		HideSolutionNode = FALSE
	EndGlobalSection
	GlobalSection(ExtensibilityGlobals) = postSolution
		SolutionGuid = {E8AEEC9D-F42C-458E-919F-8CF629BACA4B}
	EndGlobalSection
EndGlobal
